
Microsoft Visual Studio Solution File, Format Version 12.00
# Visual Studio Version 17
VisualStudioVersion = 17.8.34316.72
MinimumVisualStudioVersion = 10.0.40219.1
Project("{FAE04EC0-301F-11D3-BF4B-00C04F79EFBC}") = "ApiPeliculas", "ApiPeliculas\ApiPeliculas.csproj", "{7F2081C1-E64A-4003-A4E1-0909A17EFC03}"
EndProject
Global
	GlobalSection(SolutionConfigurationPlatforms) = preSolution
		Debug|Any CPU = Debug|Any CPU
		Release|Any CPU = Release|Any CPU
	EndGlobalSection
	GlobalSection(ProjectConfigurationPlatforms) = postSolution
		{7F2081C1-E64A-4003-A4E1-0909A17EFC03}.Debug|Any CPU.ActiveCfg = Debug|Any CPU
		{7F2081C1-E64A-4003-A4E1-0909A17EFC03}.Debug|Any CPU.Build.0 = Debug|Any CPU
		{7F2081C1-E64A-4003-A4E1-0909A17EFC03}.Release|Any CPU.ActiveCfg = Release|Any CPU
		{7F2081C1-E64A-4003-A4E1-0909A17EFC03}.Release|Any CPU.Build.0 = Release|Any CPU
	EndGlobalSection
	GlobalSection(SolutionProperties) = preSolution
		HideSolutionNode = FALSE
	EndGlobalSection
	GlobalSection(ExtensibilityGlobals) = postSolution
		SolutionGuid = {33B49E85-EEA1-4A59-A049-89750825AE88}
	EndGlobalSection
EndGlobal
